// !$*UTF8*$!
{
	archiveVersion = 1;
	classes = {
	};
	objectVersion = 51;
	objects = {

/* Begin PBXBuildFile section */
		73BC462B55CED587C4E75582 /* Pods_SimbirSoftTasksAlekbaevTests.framework in Frameworks */ = {isa = PBXBuildFile; fileRef = A452C10E140BB8127115B5B3 /* Pods_SimbirSoftTasksAlekbaevTests.framework */; };
		7617A02824CD9B2100A98384 /* CategoryData.json in Resources */ = {isa = PBXBuildFile; fileRef = 7617A02724CD9B2100A98384 /* CategoryData.json */; };
		7617A02A24CD9BA300A98384 /* EventData.json in Resources */ = {isa = PBXBuildFile; fileRef = 7617A02924CD9BA300A98384 /* EventData.json */; };
		7617A02C24CDDE2300A98384 /* JsonService.swift in Sources */ = {isa = PBXBuildFile; fileRef = 7617A02B24CDDE2200A98384 /* JsonService.swift */; };
		7629C52D24B76E41000BD82C /* AppDelegate.swift in Sources */ = {isa = PBXBuildFile; fileRef = 7629C52C24B76E41000BD82C /* AppDelegate.swift */; };
		7629C53124B76E41000BD82C /* ViewController.swift in Sources */ = {isa = PBXBuildFile; fileRef = 7629C53024B76E41000BD82C /* ViewController.swift */; };
		7629C53424B76E41000BD82C /* Main.storyboard in Resources */ = {isa = PBXBuildFile; fileRef = 7629C53224B76E41000BD82C /* Main.storyboard */; };
		7629C53624B76E47000BD82C /* Assets.xcassets in Resources */ = {isa = PBXBuildFile; fileRef = 7629C53524B76E47000BD82C /* Assets.xcassets */; };
		7629C53924B76E47000BD82C /* LaunchScreen.storyboard in Resources */ = {isa = PBXBuildFile; fileRef = 7629C53724B76E47000BD82C /* LaunchScreen.storyboard */; };
		7629C54424B76E48000BD82C /* SimbirSoftTasksAlekbaevTests.swift in Sources */ = {isa = PBXBuildFile; fileRef = 7629C54324B76E48000BD82C /* SimbirSoftTasksAlekbaevTests.swift */; };
		765420E624BF499E00BAF734 /* HelpViewController.swift in Sources */ = {isa = PBXBuildFile; fileRef = 765420E524BF499E00BAF734 /* HelpViewController.swift */; };
		765420E924C0473400BAF734 /* HelpCollectionViewCell.swift in Sources */ = {isa = PBXBuildFile; fileRef = 765420E724C0473400BAF734 /* HelpCollectionViewCell.swift */; };
		765420EA24C0473400BAF734 /* HelpCollectionViewCell.xib in Resources */ = {isa = PBXBuildFile; fileRef = 765420E824C0473400BAF734 /* HelpCollectionViewCell.xib */; };
		7695833724C718CA0021974F /* Extensions.swift in Sources */ = {isa = PBXBuildFile; fileRef = 7695833624C718CA0021974F /* Extensions.swift */; };
		7695833C24C889D50021974F /* SelectedCategoryViewController.swift in Sources */ = {isa = PBXBuildFile; fileRef = 7695833B24C889D50021974F /* SelectedCategoryViewController.swift */; };
		7695834124C8B90E0021974F /* SelectedCategoryCollectionViewCell.swift in Sources */ = {isa = PBXBuildFile; fileRef = 7695833F24C8B90E0021974F /* SelectedCategoryCollectionViewCell.swift */; };
		7695834224C8B90E0021974F /* SelectedCategoryCollectionViewCell.xib in Resources */ = {isa = PBXBuildFile; fileRef = 7695834024C8B90E0021974F /* SelectedCategoryCollectionViewCell.xib */; };
		7695834424C8CA4C0021974F /* SelectedCategoryCellModel.swift in Sources */ = {isa = PBXBuildFile; fileRef = 7695834324C8CA4C0021974F /* SelectedCategoryCellModel.swift */; };
		7695834624CA25C40021974F /* SelectedEventViewController.swift in Sources */ = {isa = PBXBuildFile; fileRef = 7695834524CA25C40021974F /* SelectedEventViewController.swift */; };
		7695834824CB50E10021974F /* SelectedEventModel.swift in Sources */ = {isa = PBXBuildFile; fileRef = 7695834724CB50E10021974F /* SelectedEventModel.swift */; };
		76FE340024C58B4A00B225F7 /* SceneDelegate.swift in Sources */ = {isa = PBXBuildFile; fileRef = 76FE33FF24C58B4A00B225F7 /* SceneDelegate.swift */; };
		76FE340224C5E09A00B225F7 /* HelpCellModel.swift in Sources */ = {isa = PBXBuildFile; fileRef = 76FE340124C5E09A00B225F7 /* HelpCellModel.swift */; };
		76FE340824C6130C00B225F7 /* SplashViewController.swift in Sources */ = {isa = PBXBuildFile; fileRef = 76FE340724C6130C00B225F7 /* SplashViewController.swift */; };
		76FFD70724C187190017EF05 /* TabBarController.swift in Sources */ = {isa = PBXBuildFile; fileRef = 76FFD70624C187190017EF05 /* TabBarController.swift */; };
		FE11B2A59EEF25FF9A26E292 /* Pods_SimbirSoftTasksAlekbaev.framework in Frameworks */ = {isa = PBXBuildFile; fileRef = 8BD544FD17973FEB79DFF563 /* Pods_SimbirSoftTasksAlekbaev.framework */; };
/* End PBXBuildFile section */

/* Begin PBXContainerItemProxy section */
		7629C54024B76E48000BD82C /* PBXContainerItemProxy */ = {
			isa = PBXContainerItemProxy;
			containerPortal = 7629C52124B76E41000BD82C /* Project object */;
			proxyType = 1;
			remoteGlobalIDString = 7629C52824B76E41000BD82C;
			remoteInfo = SimbirSoftTasksAlekbaev;
		};
/* End PBXContainerItemProxy section */

/* Begin PBXFileReference section */
		2EA6A606E22F0A2D3B981AD8 /* Pods-SimbirSoftTasksAlekbaev.debug.xcconfig */ = {isa = PBXFileReference; includeInIndex = 1; lastKnownFileType = text.xcconfig; name = "Pods-SimbirSoftTasksAlekbaev.debug.xcconfig"; path = "Target Support Files/Pods-SimbirSoftTasksAlekbaev/Pods-SimbirSoftTasksAlekbaev.debug.xcconfig"; sourceTree = "<group>"; };
		349F20907D520821C5FA91CD /* Pods-SimbirSoftTasksAlekbaev.release.xcconfig */ = {isa = PBXFileReference; includeInIndex = 1; lastKnownFileType = text.xcconfig; name = "Pods-SimbirSoftTasksAlekbaev.release.xcconfig"; path = "Target Support Files/Pods-SimbirSoftTasksAlekbaev/Pods-SimbirSoftTasksAlekbaev.release.xcconfig"; sourceTree = "<group>"; };
		7617A02724CD9B2100A98384 /* CategoryData.json */ = {isa = PBXFileReference; lastKnownFileType = text.json; path = CategoryData.json; sourceTree = "<group>"; };
		7617A02924CD9BA300A98384 /* EventData.json */ = {isa = PBXFileReference; lastKnownFileType = text.json; path = EventData.json; sourceTree = "<group>"; };
		7617A02B24CDDE2200A98384 /* JsonService.swift */ = {isa = PBXFileReference; lastKnownFileType = sourcecode.swift; path = JsonService.swift; sourceTree = "<group>"; };
		7629C52924B76E41000BD82C /* SimbirSoftTasksAlekbaev.app */ = {isa = PBXFileReference; explicitFileType = wrapper.application; includeInIndex = 0; path = SimbirSoftTasksAlekbaev.app; sourceTree = BUILT_PRODUCTS_DIR; };
		7629C52C24B76E41000BD82C /* AppDelegate.swift */ = {isa = PBXFileReference; lastKnownFileType = sourcecode.swift; path = AppDelegate.swift; sourceTree = "<group>"; };
		7629C53024B76E41000BD82C /* ViewController.swift */ = {isa = PBXFileReference; lastKnownFileType = sourcecode.swift; path = ViewController.swift; sourceTree = "<group>"; };
		7629C53324B76E41000BD82C /* Base */ = {isa = PBXFileReference; lastKnownFileType = file.storyboard; name = Base; path = Base.lproj/Main.storyboard; sourceTree = "<group>"; };
		7629C53524B76E47000BD82C /* Assets.xcassets */ = {isa = PBXFileReference; lastKnownFileType = folder.assetcatalog; path = Assets.xcassets; sourceTree = "<group>"; };
		7629C53824B76E47000BD82C /* Base */ = {isa = PBXFileReference; lastKnownFileType = file.storyboard; name = Base; path = Base.lproj/LaunchScreen.storyboard; sourceTree = "<group>"; };
		7629C53A24B76E47000BD82C /* Info.plist */ = {isa = PBXFileReference; lastKnownFileType = text.plist.xml; path = Info.plist; sourceTree = "<group>"; };
		7629C53F24B76E48000BD82C /* SimbirSoftTasksAlekbaevTests.xctest */ = {isa = PBXFileReference; explicitFileType = wrapper.cfbundle; includeInIndex = 0; path = SimbirSoftTasksAlekbaevTests.xctest; sourceTree = BUILT_PRODUCTS_DIR; };
		7629C54324B76E48000BD82C /* SimbirSoftTasksAlekbaevTests.swift */ = {isa = PBXFileReference; lastKnownFileType = sourcecode.swift; path = SimbirSoftTasksAlekbaevTests.swift; sourceTree = "<group>"; };
		7629C54524B76E48000BD82C /* Info.plist */ = {isa = PBXFileReference; lastKnownFileType = text.plist.xml; path = Info.plist; sourceTree = "<group>"; };
		765420E524BF499E00BAF734 /* HelpViewController.swift */ = {isa = PBXFileReference; lastKnownFileType = sourcecode.swift; path = HelpViewController.swift; sourceTree = "<group>"; };
		765420E724C0473400BAF734 /* HelpCollectionViewCell.swift */ = {isa = PBXFileReference; lastKnownFileType = sourcecode.swift; path = HelpCollectionViewCell.swift; sourceTree = "<group>"; };
		765420E824C0473400BAF734 /* HelpCollectionViewCell.xib */ = {isa = PBXFileReference; lastKnownFileType = file.xib; path = HelpCollectionViewCell.xib; sourceTree = "<group>"; };
		7695833624C718CA0021974F /* Extensions.swift */ = {isa = PBXFileReference; lastKnownFileType = sourcecode.swift; path = Extensions.swift; sourceTree = "<group>"; };
		7695833B24C889D50021974F /* SelectedCategoryViewController.swift */ = {isa = PBXFileReference; lastKnownFileType = sourcecode.swift; path = SelectedCategoryViewController.swift; sourceTree = "<group>"; };
		7695833F24C8B90E0021974F /* SelectedCategoryCollectionViewCell.swift */ = {isa = PBXFileReference; lastKnownFileType = sourcecode.swift; path = SelectedCategoryCollectionViewCell.swift; sourceTree = "<group>"; };
		7695834024C8B90E0021974F /* SelectedCategoryCollectionViewCell.xib */ = {isa = PBXFileReference; lastKnownFileType = file.xib; path = SelectedCategoryCollectionViewCell.xib; sourceTree = "<group>"; };
		7695834324C8CA4C0021974F /* SelectedCategoryCellModel.swift */ = {isa = PBXFileReference; lastKnownFileType = sourcecode.swift; path = SelectedCategoryCellModel.swift; sourceTree = "<group>"; };
		7695834524CA25C40021974F /* SelectedEventViewController.swift */ = {isa = PBXFileReference; lastKnownFileType = sourcecode.swift; path = SelectedEventViewController.swift; sourceTree = "<group>"; };
		7695834724CB50E10021974F /* SelectedEventModel.swift */ = {isa = PBXFileReference; lastKnownFileType = sourcecode.swift; path = SelectedEventModel.swift; sourceTree = "<group>"; };
		76FE33FF24C58B4A00B225F7 /* SceneDelegate.swift */ = {isa = PBXFileReference; fileEncoding = 4; lastKnownFileType = sourcecode.swift; path = SceneDelegate.swift; sourceTree = "<group>"; };
		76FE340124C5E09A00B225F7 /* HelpCellModel.swift */ = {isa = PBXFileReference; lastKnownFileType = sourcecode.swift; path = HelpCellModel.swift; sourceTree = "<group>"; };
		76FE340724C6130C00B225F7 /* SplashViewController.swift */ = {isa = PBXFileReference; lastKnownFileType = sourcecode.swift; path = SplashViewController.swift; sourceTree = "<group>"; };
		76FFD70624C187190017EF05 /* TabBarController.swift */ = {isa = PBXFileReference; lastKnownFileType = sourcecode.swift; path = TabBarController.swift; sourceTree = "<group>"; };
		8BD544FD17973FEB79DFF563 /* Pods_SimbirSoftTasksAlekbaev.framework */ = {isa = PBXFileReference; explicitFileType = wrapper.framework; includeInIndex = 0; path = Pods_SimbirSoftTasksAlekbaev.framework; sourceTree = BUILT_PRODUCTS_DIR; };
		8DFA96867E6E1B92AF45AAD2 /* Pods-SimbirSoftTasksAlekbaevTests.debug.xcconfig */ = {isa = PBXFileReference; includeInIndex = 1; lastKnownFileType = text.xcconfig; name = "Pods-SimbirSoftTasksAlekbaevTests.debug.xcconfig"; path = "Target Support Files/Pods-SimbirSoftTasksAlekbaevTests/Pods-SimbirSoftTasksAlekbaevTests.debug.xcconfig"; sourceTree = "<group>"; };
		A452C10E140BB8127115B5B3 /* Pods_SimbirSoftTasksAlekbaevTests.framework */ = {isa = PBXFileReference; explicitFileType = wrapper.framework; includeInIndex = 0; path = Pods_SimbirSoftTasksAlekbaevTests.framework; sourceTree = BUILT_PRODUCTS_DIR; };
		C387C1BC7FEA41A8A10FD900 /* Pods-SimbirSoftTasksAlekbaevTests.release.xcconfig */ = {isa = PBXFileReference; includeInIndex = 1; lastKnownFileType = text.xcconfig; name = "Pods-SimbirSoftTasksAlekbaevTests.release.xcconfig"; path = "Target Support Files/Pods-SimbirSoftTasksAlekbaevTests/Pods-SimbirSoftTasksAlekbaevTests.release.xcconfig"; sourceTree = "<group>"; };
/* End PBXFileReference section */

/* Begin PBXFrameworksBuildPhase section */
		7629C52624B76E41000BD82C /* Frameworks */ = {
			isa = PBXFrameworksBuildPhase;
			buildActionMask = 2147483647;
			files = (
				FE11B2A59EEF25FF9A26E292 /* Pods_SimbirSoftTasksAlekbaev.framework in Frameworks */,
			);
			runOnlyForDeploymentPostprocessing = 0;
		};
		7629C53C24B76E48000BD82C /* Frameworks */ = {
			isa = PBXFrameworksBuildPhase;
			buildActionMask = 2147483647;
			files = (
				73BC462B55CED587C4E75582 /* Pods_SimbirSoftTasksAlekbaevTests.framework in Frameworks */,
			);
			runOnlyForDeploymentPostprocessing = 0;
		};
/* End PBXFrameworksBuildPhase section */

/* Begin PBXGroup section */
		30FBD6E46A6ABA125262EEBF /* Pods */ = {
			isa = PBXGroup;
			children = (
				2EA6A606E22F0A2D3B981AD8 /* Pods-SimbirSoftTasksAlekbaev.debug.xcconfig */,
				349F20907D520821C5FA91CD /* Pods-SimbirSoftTasksAlekbaev.release.xcconfig */,
				8DFA96867E6E1B92AF45AAD2 /* Pods-SimbirSoftTasksAlekbaevTests.debug.xcconfig */,
				C387C1BC7FEA41A8A10FD900 /* Pods-SimbirSoftTasksAlekbaevTests.release.xcconfig */,
			);
			path = Pods;
			sourceTree = "<group>";
		};
		623120966A5E42C9056EAC62 /* Frameworks */ = {
			isa = PBXGroup;
			children = (
				8BD544FD17973FEB79DFF563 /* Pods_SimbirSoftTasksAlekbaev.framework */,
				A452C10E140BB8127115B5B3 /* Pods_SimbirSoftTasksAlekbaevTests.framework */,
			);
			name = Frameworks;
			sourceTree = "<group>";
		};
		7617A02F24CE1B5100A98384 /* jsons */ = {
			isa = PBXGroup;
			children = (
				7617A02724CD9B2100A98384 /* CategoryData.json */,
				7617A02924CD9BA300A98384 /* EventData.json */,
			);
			path = jsons;
			sourceTree = "<group>";
		};
		7629C52024B76E41000BD82C = {
			isa = PBXGroup;
			children = (
				7629C52B24B76E41000BD82C /* SimbirSoftTasksAlekbaev */,
				7629C54224B76E48000BD82C /* SimbirSoftTasksAlekbaevTests */,
				7629C52A24B76E41000BD82C /* Products */,
				30FBD6E46A6ABA125262EEBF /* Pods */,
				623120966A5E42C9056EAC62 /* Frameworks */,
			);
			sourceTree = "<group>";
		};
		7629C52A24B76E41000BD82C /* Products */ = {
			isa = PBXGroup;
			children = (
				7629C52924B76E41000BD82C /* SimbirSoftTasksAlekbaev.app */,
				7629C53F24B76E48000BD82C /* SimbirSoftTasksAlekbaevTests.xctest */,
			);
			name = Products;
			sourceTree = "<group>";
		};
		7629C52B24B76E41000BD82C /* SimbirSoftTasksAlekbaev */ = {
			isa = PBXGroup;
			children = (
				7695833924C889000021974F /* Model */,
				765420EB24C0473D00BAF734 /* View */,
				7695833824C888F60021974F /* Controller */,
				7695833A24C889210021974F /* Other */,
				7629C53A24B76E47000BD82C /* Info.plist */,
			);
			path = SimbirSoftTasksAlekbaev;
			sourceTree = "<group>";
		};
		7629C54224B76E48000BD82C /* SimbirSoftTasksAlekbaevTests */ = {
			isa = PBXGroup;
			children = (
				7629C54324B76E48000BD82C /* SimbirSoftTasksAlekbaevTests.swift */,
				7629C54524B76E48000BD82C /* Info.plist */,
			);
			path = SimbirSoftTasksAlekbaevTests;
			sourceTree = "<group>";
		};
		765420EB24C0473D00BAF734 /* View */ = {
			isa = PBXGroup;
			children = (
				7695833E24C8B8E10021974F /* SelectedCategoryCell */,
				7695833D24C8B8CD0021974F /* HelpCell */,
				7629C53224B76E41000BD82C /* Main.storyboard */,
				7629C53724B76E47000BD82C /* LaunchScreen.storyboard */,
			);
			path = View;
			sourceTree = "<group>";
		};
		7695833824C888F60021974F /* Controller */ = {
			isa = PBXGroup;
			children = (
				76FFD70624C187190017EF05 /* TabBarController.swift */,
				76FE340724C6130C00B225F7 /* SplashViewController.swift */,
				765420E524BF499E00BAF734 /* HelpViewController.swift */,
				7695833B24C889D50021974F /* SelectedCategoryViewController.swift */,
				7695834524CA25C40021974F /* SelectedEventViewController.swift */,
			);
			path = Controller;
			sourceTree = "<group>";
		};
		7695833924C889000021974F /* Model */ = {
			isa = PBXGroup;
			children = (
				76FE340124C5E09A00B225F7 /* HelpCellModel.swift */,
				7695834324C8CA4C0021974F /* SelectedCategoryCellModel.swift */,
				7695834724CB50E10021974F /* SelectedEventModel.swift */,
			);
			path = Model;
			sourceTree = "<group>";
		};
		7695833A24C889210021974F /* Other */ = {
			isa = PBXGroup;
			children = (
				7617A02F24CE1B5100A98384 /* jsons */,
				7629C53024B76E41000BD82C /* ViewController.swift */,
				7695833624C718CA0021974F /* Extensions.swift */,
				7629C52C24B76E41000BD82C /* AppDelegate.swift */,
				76FE33FF24C58B4A00B225F7 /* SceneDelegate.swift */,
				7629C53524B76E47000BD82C /* Assets.xcassets */,
				7617A02B24CDDE2200A98384 /* JsonService.swift */,
			);
			path = Other;
			sourceTree = "<group>";
		};
		7695833D24C8B8CD0021974F /* HelpCell */ = {
			isa = PBXGroup;
			children = (
				765420E724C0473400BAF734 /* HelpCollectionViewCell.swift */,
				765420E824C0473400BAF734 /* HelpCollectionViewCell.xib */,
			);
			path = HelpCell;
			sourceTree = "<group>";
		};
		7695833E24C8B8E10021974F /* SelectedCategoryCell */ = {
			isa = PBXGroup;
			children = (
				7695833F24C8B90E0021974F /* SelectedCategoryCollectionViewCell.swift */,
				7695834024C8B90E0021974F /* SelectedCategoryCollectionViewCell.xib */,
			);
			path = SelectedCategoryCell;
			sourceTree = "<group>";
		};
/* End PBXGroup section */

/* Begin PBXNativeTarget section */
		7629C52824B76E41000BD82C /* SimbirSoftTasksAlekbaev */ = {
			isa = PBXNativeTarget;
			buildConfigurationList = 7629C54824B76E48000BD82C /* Build configuration list for PBXNativeTarget "SimbirSoftTasksAlekbaev" */;
			buildPhases = (
				9EB37B63029A88E1C3CBFBA8 /* [CP] Check Pods Manifest.lock */,
				7629C52524B76E41000BD82C /* Sources */,
				7629C52624B76E41000BD82C /* Frameworks */,
				7629C52724B76E41000BD82C /* Resources */,
				D30AA02FF2EC0F48FE9E9D38 /* [CP] Embed Pods Frameworks */,
			);
			buildRules = (
			);
			dependencies = (
			);
			name = SimbirSoftTasksAlekbaev;
			productName = SimbirSoftTasksAlekbaev;
			productReference = 7629C52924B76E41000BD82C /* SimbirSoftTasksAlekbaev.app */;
			productType = "com.apple.product-type.application";
		};
		7629C53E24B76E48000BD82C /* SimbirSoftTasksAlekbaevTests */ = {
			isa = PBXNativeTarget;
			buildConfigurationList = 7629C54B24B76E48000BD82C /* Build configuration list for PBXNativeTarget "SimbirSoftTasksAlekbaevTests" */;
			buildPhases = (
				E15DA9ED44B4154442A9D643 /* [CP] Check Pods Manifest.lock */,
				7629C53B24B76E48000BD82C /* Sources */,
				7629C53C24B76E48000BD82C /* Frameworks */,
				7629C53D24B76E48000BD82C /* Resources */,
			);
			buildRules = (
			);
			dependencies = (
				7629C54124B76E48000BD82C /* PBXTargetDependency */,
			);
			name = SimbirSoftTasksAlekbaevTests;
			productName = SimbirSoftTasksAlekbaevTests;
			productReference = 7629C53F24B76E48000BD82C /* SimbirSoftTasksAlekbaevTests.xctest */;
			productType = "com.apple.product-type.bundle.unit-test";
		};
/* End PBXNativeTarget section */

/* Begin PBXProject section */
		7629C52124B76E41000BD82C /* Project object */ = {
			isa = PBXProject;
			attributes = {
				LastSwiftUpdateCheck = 1150;
				LastUpgradeCheck = 1150;
				ORGANIZATIONNAME = "Азат Алекбаев";
				TargetAttributes = {
					7629C52824B76E41000BD82C = {
						CreatedOnToolsVersion = 11.5;
					};
					7629C53E24B76E48000BD82C = {
						CreatedOnToolsVersion = 11.5;
						TestTargetID = 7629C52824B76E41000BD82C;
					};
				};
			};
			buildConfigurationList = 7629C52424B76E41000BD82C /* Build configuration list for PBXProject "SimbirSoftTasksAlekbaev" */;
			compatibilityVersion = "Xcode 9.3";
			developmentRegion = en;
			hasScannedForEncodings = 0;
			knownRegions = (
				en,
				Base,
			);
			mainGroup = 7629C52024B76E41000BD82C;
			productRefGroup = 7629C52A24B76E41000BD82C /* Products */;
			projectDirPath = "";
			projectRoot = "";
			targets = (
				7629C52824B76E41000BD82C /* SimbirSoftTasksAlekbaev */,
				7629C53E24B76E48000BD82C /* SimbirSoftTasksAlekbaevTests */,
			);
		};
/* End PBXProject section */

/* Begin PBXResourcesBuildPhase section */
		7629C52724B76E41000BD82C /* Resources */ = {
			isa = PBXResourcesBuildPhase;
			buildActionMask = 2147483647;
			files = (
				7617A02A24CD9BA300A98384 /* EventData.json in Resources */,
				7629C53924B76E47000BD82C /* LaunchScreen.storyboard in Resources */,
				7695834224C8B90E0021974F /* SelectedCategoryCollectionViewCell.xib in Resources */,
				7617A02824CD9B2100A98384 /* CategoryData.json in Resources */,
				7629C53624B76E47000BD82C /* Assets.xcassets in Resources */,
				7629C53424B76E41000BD82C /* Main.storyboard in Resources */,
				765420EA24C0473400BAF734 /* HelpCollectionViewCell.xib in Resources */,
			);
			runOnlyForDeploymentPostprocessing = 0;
		};
		7629C53D24B76E48000BD82C /* Resources */ = {
			isa = PBXResourcesBuildPhase;
			buildActionMask = 2147483647;
			files = (
			);
			runOnlyForDeploymentPostprocessing = 0;
		};
/* End PBXResourcesBuildPhase section */

/* Begin PBXShellScriptBuildPhase section */
		9EB37B63029A88E1C3CBFBA8 /* [CP] Check Pods Manifest.lock */ = {
			isa = PBXShellScriptBuildPhase;
			buildActionMask = 2147483647;
			files = (
			);
			inputFileListPaths = (
			);
			inputPaths = (
				"${PODS_PODFILE_DIR_PATH}/Podfile.lock",
				"${PODS_ROOT}/Manifest.lock",
			);
			name = "[CP] Check Pods Manifest.lock";
			outputFileListPaths = (
			);
			outputPaths = (
				"$(DERIVED_FILE_DIR)/Pods-SimbirSoftTasksAlekbaev-checkManifestLockResult.txt",
			);
			runOnlyForDeploymentPostprocessing = 0;
			shellPath = /bin/sh;
			shellScript = "diff \"${PODS_PODFILE_DIR_PATH}/Podfile.lock\" \"${PODS_ROOT}/Manifest.lock\" > /dev/null\nif [ $? != 0 ] ; then\n    # print error to STDERR\n    echo \"error: The sandbox is not in sync with the Podfile.lock. Run 'pod install' or update your CocoaPods installation.\" >&2\n    exit 1\nfi\n# This output is used by Xcode 'outputs' to avoid re-running this script phase.\necho \"SUCCESS\" > \"${SCRIPT_OUTPUT_FILE_0}\"\n";
			showEnvVarsInLog = 0;
		};
		D30AA02FF2EC0F48FE9E9D38 /* [CP] Embed Pods Frameworks */ = {
			isa = PBXShellScriptBuildPhase;
			buildActionMask = 2147483647;
			files = (
			);
			inputFileListPaths = (
				"${PODS_ROOT}/Target Support Files/Pods-SimbirSoftTasksAlekbaev/Pods-SimbirSoftTasksAlekbaev-frameworks-${CONFIGURATION}-input-files.xcfilelist",
			);
			name = "[CP] Embed Pods Frameworks";
			outputFileListPaths = (
				"${PODS_ROOT}/Target Support Files/Pods-SimbirSoftTasksAlekbaev/Pods-SimbirSoftTasksAlekbaev-frameworks-${CONFIGURATION}-output-files.xcfilelist",
			);
			runOnlyForDeploymentPostprocessing = 0;
			shellPath = /bin/sh;
			shellScript = "\"${PODS_ROOT}/Target Support Files/Pods-SimbirSoftTasksAlekbaev/Pods-SimbirSoftTasksAlekbaev-frameworks.sh\"\n";
			showEnvVarsInLog = 0;
		};
		E15DA9ED44B4154442A9D643 /* [CP] Check Pods Manifest.lock */ = {
			isa = PBXShellScriptBuildPhase;
			buildActionMask = 2147483647;
			files = (
			);
			inputFileListPaths = (
			);
			inputPaths = (
				"${PODS_PODFILE_DIR_PATH}/Podfile.lock",
				"${PODS_ROOT}/Manifest.lock",
			);
			name = "[CP] Check Pods Manifest.lock";
			outputFileListPaths = (
			);
			outputPaths = (
				"$(DERIVED_FILE_DIR)/Pods-SimbirSoftTasksAlekbaevTests-checkManifestLockResult.txt",
			);
			runOnlyForDeploymentPostprocessing = 0;
			shellPath = /bin/sh;
			shellScript = "diff \"${PODS_PODFILE_DIR_PATH}/Podfile.lock\" \"${PODS_ROOT}/Manifest.lock\" > /dev/null\nif [ $? != 0 ] ; then\n    # print error to STDERR\n    echo \"error: The sandbox is not in sync with the Podfile.lock. Run 'pod install' or update your CocoaPods installation.\" >&2\n    exit 1\nfi\n# This output is used by Xcode 'outputs' to avoid re-running this script phase.\necho \"SUCCESS\" > \"${SCRIPT_OUTPUT_FILE_0}\"\n";
			showEnvVarsInLog = 0;
		};
/* End PBXShellScriptBuildPhase section */

/* Begin PBXSourcesBuildPhase section */
		7629C52524B76E41000BD82C /* Sources */ = {
			isa = PBXSourcesBuildPhase;
			buildActionMask = 2147483647;
			files = (
				7695834624CA25C40021974F /* SelectedEventViewController.swift in Sources */,
				7629C53124B76E41000BD82C /* ViewController.swift in Sources */,
				7695833724C718CA0021974F /* Extensions.swift in Sources */,
				7695834424C8CA4C0021974F /* SelectedCategoryCellModel.swift in Sources */,
				7629C52D24B76E41000BD82C /* AppDelegate.swift in Sources */,
				7617A02C24CDDE2300A98384 /* JsonService.swift in Sources */,
				765420E924C0473400BAF734 /* HelpCollectionViewCell.swift in Sources */,
				76FFD70724C187190017EF05 /* TabBarController.swift in Sources */,
				765420E624BF499E00BAF734 /* HelpViewController.swift in Sources */,
				7695834124C8B90E0021974F /* SelectedCategoryCollectionViewCell.swift in Sources */,
				76FE340224C5E09A00B225F7 /* HelpCellModel.swift in Sources */,
				7695833C24C889D50021974F /* SelectedCategoryViewController.swift in Sources */,
				76FE340024C58B4A00B225F7 /* SceneDelegate.swift in Sources */,
				76FE340824C6130C00B225F7 /* SplashViewController.swift in Sources */,
				7695834824CB50E10021974F /* SelectedEventModel.swift in Sources */,
			);
			runOnlyForDeploymentPostprocessing = 0;
		};
		7629C53B24B76E48000BD82C /* Sources */ = {
			isa = PBXSourcesBuildPhase;
			buildActionMask = 2147483647;
			files = (
				7629C54424B76E48000BD82C /* SimbirSoftTasksAlekbaevTests.swift in Sources */,
			);
			runOnlyForDeploymentPostprocessing = 0;
		};
/* End PBXSourcesBuildPhase section */

/* Begin PBXTargetDependency section */
		7629C54124B76E48000BD82C /* PBXTargetDependency */ = {
			isa = PBXTargetDependency;
			target = 7629C52824B76E41000BD82C /* SimbirSoftTasksAlekbaev */;
			targetProxy = 7629C54024B76E48000BD82C /* PBXContainerItemProxy */;
		};
/* End PBXTargetDependency section */

/* Begin PBXVariantGroup section */
		7629C53224B76E41000BD82C /* Main.storyboard */ = {
			isa = PBXVariantGroup;
			children = (
				7629C53324B76E41000BD82C /* Base */,
			);
			name = Main.storyboard;
			sourceTree = "<group>";
		};
		7629C53724B76E47000BD82C /* LaunchScreen.storyboard */ = {
			isa = PBXVariantGroup;
			children = (
				7629C53824B76E47000BD82C /* Base */,
			);
			name = LaunchScreen.storyboard;
			sourceTree = "<group>";
		};
/* End PBXVariantGroup section */

/* Begin XCBuildConfiguration section */
		7629C54624B76E48000BD82C /* Debug */ = {
			isa = XCBuildConfiguration;
			buildSettings = {
				ALWAYS_SEARCH_USER_PATHS = NO;
				CLANG_ANALYZER_NONNULL = YES;
				CLANG_ANALYZER_NUMBER_OBJECT_CONVERSION = YES_AGGRESSIVE;
				CLANG_CXX_LANGUAGE_STANDARD = "gnu++14";
				CLANG_CXX_LIBRARY = "libc++";
				CLANG_ENABLE_MODULES = YES;
				CLANG_ENABLE_OBJC_ARC = YES;
				CLANG_ENABLE_OBJC_WEAK = YES;
				CLANG_WARN_BLOCK_CAPTURE_AUTORELEASING = YES;
				CLANG_WARN_BOOL_CONVERSION = YES;
				CLANG_WARN_COMMA = YES;
				CLANG_WARN_CONSTANT_CONVERSION = YES;
				CLANG_WARN_DEPRECATED_OBJC_IMPLEMENTATIONS = YES;
				CLANG_WARN_DIRECT_OBJC_ISA_USAGE = YES_ERROR;
				CLANG_WARN_DOCUMENTATION_COMMENTS = YES;
				CLANG_WARN_EMPTY_BODY = YES;
				CLANG_WARN_ENUM_CONVERSION = YES;
				CLANG_WARN_INFINITE_RECURSION = YES;
				CLANG_WARN_INT_CONVERSION = YES;
				CLANG_WARN_NON_LITERAL_NULL_CONVERSION = YES;
				CLANG_WARN_OBJC_IMPLICIT_RETAIN_SELF = YES;
				CLANG_WARN_OBJC_LITERAL_CONVERSION = YES;
				CLANG_WARN_OBJC_ROOT_CLASS = YES_ERROR;
				CLANG_WARN_RANGE_LOOP_ANALYSIS = YES;
				CLANG_WARN_STRICT_PROTOTYPES = YES;
				CLANG_WARN_SUSPICIOUS_MOVE = YES;
				CLANG_WARN_UNGUARDED_AVAILABILITY = YES_AGGRESSIVE;
				CLANG_WARN_UNREACHABLE_CODE = YES;
				CLANG_WARN__DUPLICATE_METHOD_MATCH = YES;
				COPY_PHASE_STRIP = NO;
				DEBUG_INFORMATION_FORMAT = dwarf;
				ENABLE_STRICT_OBJC_MSGSEND = YES;
				ENABLE_TESTABILITY = YES;
				GCC_C_LANGUAGE_STANDARD = gnu11;
				GCC_DYNAMIC_NO_PIC = NO;
				GCC_NO_COMMON_BLOCKS = YES;
				GCC_OPTIMIZATION_LEVEL = 0;
				GCC_PREPROCESSOR_DEFINITIONS = (
					"DEBUG=1",
					"$(inherited)",
				);
				GCC_WARN_64_TO_32_BIT_CONVERSION = YES;
				GCC_WARN_ABOUT_RETURN_TYPE = YES_ERROR;
				GCC_WARN_UNDECLARED_SELECTOR = YES;
				GCC_WARN_UNINITIALIZED_AUTOS = YES_AGGRESSIVE;
				GCC_WARN_UNUSED_FUNCTION = YES;
				GCC_WARN_UNUSED_VARIABLE = YES;
				IPHONEOS_DEPLOYMENT_TARGET = 12.0;
				MTL_ENABLE_DEBUG_INFO = INCLUDE_SOURCE;
				MTL_FAST_MATH = YES;
				ONLY_ACTIVE_ARCH = YES;
				SDKROOT = iphoneos;
				SWIFT_ACTIVE_COMPILATION_CONDITIONS = DEBUG;
				SWIFT_OPTIMIZATION_LEVEL = "-Onone";
			};
			name = Debug;
		};
		7629C54724B76E48000BD82C /* Release */ = {
			isa = XCBuildConfiguration;
			buildSettings = {
				ALWAYS_SEARCH_USER_PATHS = NO;
				CLANG_ANALYZER_NONNULL = YES;
				CLANG_ANALYZER_NUMBER_OBJECT_CONVERSION = YES_AGGRESSIVE;
				CLANG_CXX_LANGUAGE_STANDARD = "gnu++14";
				CLANG_CXX_LIBRARY = "libc++";
				CLANG_ENABLE_MODULES = YES;
				CLANG_ENABLE_OBJC_ARC = YES;
				CLANG_ENABLE_OBJC_WEAK = YES;
				CLANG_WARN_BLOCK_CAPTURE_AUTORELEASING = YES;
				CLANG_WARN_BOOL_CONVERSION = YES;
				CLANG_WARN_COMMA = YES;
				CLANG_WARN_CONSTANT_CONVERSION = YES;
				CLANG_WARN_DEPRECATED_OBJC_IMPLEMENTATIONS = YES;
				CLANG_WARN_DIRECT_OBJC_ISA_USAGE = YES_ERROR;
				CLANG_WARN_DOCUMENTATION_COMMENTS = YES;
				CLANG_WARN_EMPTY_BODY = YES;
				CLANG_WARN_ENUM_CONVERSION = YES;
				CLANG_WARN_INFINITE_RECURSION = YES;
				CLANG_WARN_INT_CONVERSION = YES;
				CLANG_WARN_NON_LITERAL_NULL_CONVERSION = YES;
				CLANG_WARN_OBJC_IMPLICIT_RETAIN_SELF = YES;
				CLANG_WARN_OBJC_LITERAL_CONVERSION = YES;
				CLANG_WARN_OBJC_ROOT_CLASS = YES_ERROR;
				CLANG_WARN_RANGE_LOOP_ANALYSIS = YES;
				CLANG_WARN_STRICT_PROTOTYPES = YES;
				CLANG_WARN_SUSPICIOUS_MOVE = YES;
				CLANG_WARN_UNGUARDED_AVAILABILITY = YES_AGGRESSIVE;
				CLANG_WARN_UNREACHABLE_CODE = YES;
				CLANG_WARN__DUPLICATE_METHOD_MATCH = YES;
				COPY_PHASE_STRIP = NO;
				DEBUG_INFORMATION_FORMAT = "dwarf-with-dsym";
				ENABLE_NS_ASSERTIONS = NO;
				ENABLE_STRICT_OBJC_MSGSEND = YES;
				GCC_C_LANGUAGE_STANDARD = gnu11;
				GCC_NO_COMMON_BLOCKS = YES;
				GCC_WARN_64_TO_32_BIT_CONVERSION = YES;
				GCC_WARN_ABOUT_RETURN_TYPE = YES_ERROR;
				GCC_WARN_UNDECLARED_SELECTOR = YES;
				GCC_WARN_UNINITIALIZED_AUTOS = YES_AGGRESSIVE;
				GCC_WARN_UNUSED_FUNCTION = YES;
				GCC_WARN_UNUSED_VARIABLE = YES;
				IPHONEOS_DEPLOYMENT_TARGET = 12.0;
				MTL_ENABLE_DEBUG_INFO = NO;
				MTL_FAST_MATH = YES;
				SDKROOT = iphoneos;
				SWIFT_COMPILATION_MODE = wholemodule;
				SWIFT_OPTIMIZATION_LEVEL = "-O";
				VALIDATE_PRODUCT = YES;
			};
			name = Release;
		};
		7629C54924B76E48000BD82C /* Debug */ = {
			isa = XCBuildConfiguration;
			baseConfigurationReference = 2EA6A606E22F0A2D3B981AD8 /* Pods-SimbirSoftTasksAlekbaev.debug.xcconfig */;
			buildSettings = {
				ASSETCATALOG_COMPILER_APPICON_NAME = AppIcon;
				CODE_SIGN_STYLE = Automatic;
				DEVELOPMENT_TEAM = U76UU38W98;
				INFOPLIST_FILE = SimbirSoftTasksAlekbaev/Info.plist;
				IPHONEOS_DEPLOYMENT_TARGET = 12.0;
				LD_RUNPATH_SEARCH_PATHS = (
					"$(inherited)",
					"@executable_path/Frameworks",
				);
				MACOSX_DEPLOYMENT_TARGET = 13.5;
				PRODUCT_BUNDLE_IDENTIFIER = home.SimbirSoftTasksAlekbaev;
				PRODUCT_NAME = "$(TARGET_NAME)";
				SWIFT_VERSION = 5.0;
				TARGETED_DEVICE_FAMILY = "1,2";
			};
			name = Debug;
		};
		7629C54A24B76E48000BD82C /* Release */ = {
			isa = XCBuildConfiguration;
			baseConfigurationReference = 349F20907D520821C5FA91CD /* Pods-SimbirSoftTasksAlekbaev.release.xcconfig */;
			buildSettings = {
				ASSETCATALOG_COMPILER_APPICON_NAME = AppIcon;
				CODE_SIGN_STYLE = Automatic;
				DEVELOPMENT_TEAM = U76UU38W98;
				INFOPLIST_FILE = SimbirSoftTasksAlekbaev/Info.plist;
				IPHONEOS_DEPLOYMENT_TARGET = 12.0;
				LD_RUNPATH_SEARCH_PATHS = (
					"$(inherited)",
					"@executable_path/Frameworks",
				);
				MACOSX_DEPLOYMENT_TARGET = 13.5;
				PRODUCT_BUNDLE_IDENTIFIER = home.SimbirSoftTasksAlekbaev;
				PRODUCT_NAME = "$(TARGET_NAME)";
				SWIFT_VERSION = 5.0;
				TARGETED_DEVICE_FAMILY = "1,2";
			};
			name = Release;
		};
		7629C54C24B76E48000BD82C /* Debug */ = {
			isa = XCBuildConfiguration;
			baseConfigurationReference = 8DFA96867E6E1B92AF45AAD2 /* Pods-SimbirSoftTasksAlekbaevTests.debug.xcconfig */;
			buildSettings = {
				ALWAYS_EMBED_SWIFT_STANDARD_LIBRARIES = YES;
				BUNDLE_LOADER = "$(TEST_HOST)";
				CODE_SIGN_STYLE = Automatic;
				INFOPLIST_FILE = SimbirSoftTasksAlekbaevTests/Info.plist;
				IPHONEOS_DEPLOYMENT_TARGET = 13.5;
				LD_RUNPATH_SEARCH_PATHS = (
					"$(inherited)",
					"@executable_path/Frameworks",
					"@loader_path/Frameworks",
				);
				PRODUCT_BUNDLE_IDENTIFIER = home.SimbirSoftTasksAlekbaevTests;
				PRODUCT_NAME = "$(TARGET_NAME)";
				SWIFT_VERSION = 5.0;
				TARGETED_DEVICE_FAMILY = "1,2";
				TEST_HOST = "$(BUILT_PRODUCTS_DIR)/SimbirSoftTasksAlekbaev.app/SimbirSoftTasksAlekbaev";
			};
			name = Debug;
		};
		7629C54D24B76E48000BD82C /* Release */ = {
			isa = XCBuildConfiguration;
			baseConfigurationReference = C387C1BC7FEA41A8A10FD900 /* Pods-SimbirSoftTasksAlekbaevTests.release.xcconfig */;
			buildSettings = {
				ALWAYS_EMBED_SWIFT_STANDARD_LIBRARIES = YES;
				BUNDLE_LOADER = "$(TEST_HOST)";
				CODE_SIGN_STYLE = Automatic;
				INFOPLIST_FILE = SimbirSoftTasksAlekbaevTests/Info.plist;
				IPHONEOS_DEPLOYMENT_TARGET = 13.5;
				LD_RUNPATH_SEARCH_PATHS = (
					"$(inherited)",
					"@executable_path/Frameworks",
					"@loader_path/Frameworks",
				);
				PRODUCT_BUNDLE_IDENTIFIER = home.SimbirSoftTasksAlekbaevTests;
				PRODUCT_NAME = "$(TARGET_NAME)";
				SWIFT_VERSION = 5.0;
				TARGETED_DEVICE_FAMILY = "1,2";
				TEST_HOST = "$(BUILT_PRODUCTS_DIR)/SimbirSoftTasksAlekbaev.app/SimbirSoftTasksAlekbaev";
			};
			name = Release;
		};
/* End XCBuildConfiguration section */

/* Begin XCConfigurationList section */
		7629C52424B76E41000BD82C /* Build configuration list for PBXProject "SimbirSoftTasksAlekbaev" */ = {
			isa = XCConfigurationList;
			buildConfigurations = (
				7629C54624B76E48000BD82C /* Debug */,
				7629C54724B76E48000BD82C /* Release */,
			);
			defaultConfigurationIsVisible = 0;
			defaultConfigurationName = Release;
		};
		7629C54824B76E48000BD82C /* Build configuration list for PBXNativeTarget "SimbirSoftTasksAlekbaev" */ = {
			isa = XCConfigurationList;
			buildConfigurations = (
				7629C54924B76E48000BD82C /* Debug */,
				7629C54A24B76E48000BD82C /* Release */,
			);
			defaultConfigurationIsVisible = 0;
			defaultConfigurationName = Release;
		};
		7629C54B24B76E48000BD82C /* Build configuration list for PBXNativeTarget "SimbirSoftTasksAlekbaevTests" */ = {
			isa = XCConfigurationList;
			buildConfigurations = (
				7629C54C24B76E48000BD82C /* Debug */,
				7629C54D24B76E48000BD82C /* Release */,
			);
			defaultConfigurationIsVisible = 0;
			defaultConfigurationName = Release;
		};
/* End XCConfigurationList section */
	};
	rootObject = 7629C52124B76E41000BD82C /* Project object */;
}
